
Microsoft Visual Studio Solution File, Format Version 12.00
# Visual Studio Version 17
VisualStudioVersion = 17.12.35527.113
MinimumVisualStudioVersion = 10.0.40219.1
Project("{FAE04EC0-301F-11D3-BF4B-00C04F79EFBC}") = "BookManagement.Domain", "BookManagement.Domain\BookManagement.Domain.csproj", "{774460B1-019B-4D43-87BA-719658C42513}"
EndProject
Project("{FAE04EC0-301F-11D3-BF4B-00C04F79EFBC}") = "BookManagement.Persistence", "BookManagement.Persistance\BookManagement.Persistence.csproj", "{F8849CE6-C617-4BBF-98DC-67BD1DF4AC62}"
EndProject
Project("{FAE04EC0-301F-11D3-BF4B-00C04F79EFBC}") = "BookManagement.Application", "BookManagement.Application\BookManagement.Application.csproj", "{5E3A3163-7BC7-4A85-9393-AE530ADF24DD}"
EndProject
Project("{FAE04EC0-301F-11D3-BF4B-00C04F79EFBC}") = "BookManagement.Infrastructure", "BookManagement.Infrastructure\BookManagement.Infrastructure.csproj", "{EFA26684-D5E8-4592-A340-89F1856F4E4A}"
EndProject
Project("{FAE04EC0-301F-11D3-BF4B-00C04F79EFBC}") = "BookManagement.Api", "BookManagement.Api\BookManagement.Api.csproj", "{64898D1F-78C7-4A55-A662-FA5D3C122715}"
EndProject
Global
	GlobalSection(SolutionConfigurationPlatforms) = preSolution
		Debug|Any CPU = Debug|Any CPU
		Release|Any CPU = Release|Any CPU
	EndGlobalSection
	GlobalSection(ProjectConfigurationPlatforms) = postSolution
		{774460B1-019B-4D43-87BA-719658C42513}.Debug|Any CPU.ActiveCfg = Debug|Any CPU
		{774460B1-019B-4D43-87BA-719658C42513}.Debug|Any CPU.Build.0 = Debug|Any CPU
		{774460B1-019B-4D43-87BA-719658C42513}.Release|Any CPU.ActiveCfg = Release|Any CPU
		{774460B1-019B-4D43-87BA-719658C42513}.Release|Any CPU.Build.0 = Release|Any CPU
		{F8849CE6-C617-4BBF-98DC-67BD1DF4AC62}.Debug|Any CPU.ActiveCfg = Debug|Any CPU
		{F8849CE6-C617-4BBF-98DC-67BD1DF4AC62}.Debug|Any CPU.Build.0 = Debug|Any CPU
		{F8849CE6-C617-4BBF-98DC-67BD1DF4AC62}.Release|Any CPU.ActiveCfg = Release|Any CPU
		{F8849CE6-C617-4BBF-98DC-67BD1DF4AC62}.Release|Any CPU.Build.0 = Release|Any CPU
		{5E3A3163-7BC7-4A85-9393-AE530ADF24DD}.Debug|Any CPU.ActiveCfg = Debug|Any CPU
		{5E3A3163-7BC7-4A85-9393-AE530ADF24DD}.Debug|Any CPU.Build.0 = Debug|Any CPU
		{5E3A3163-7BC7-4A85-9393-AE530ADF24DD}.Release|Any CPU.ActiveCfg = Release|Any CPU
		{5E3A3163-7BC7-4A85-9393-AE530ADF24DD}.Release|Any CPU.Build.0 = Release|Any CPU
		{EFA26684-D5E8-4592-A340-89F1856F4E4A}.Debug|Any CPU.ActiveCfg = Debug|Any CPU
		{EFA26684-D5E8-4592-A340-89F1856F4E4A}.Debug|Any CPU.Build.0 = Debug|Any CPU
		{EFA26684-D5E8-4592-A340-89F1856F4E4A}.Release|Any CPU.ActiveCfg = Release|Any CPU
		{EFA26684-D5E8-4592-A340-89F1856F4E4A}.Release|Any CPU.Build.0 = Release|Any CPU
		{64898D1F-78C7-4A55-A662-FA5D3C122715}.Debug|Any CPU.ActiveCfg = Debug|Any CPU
		{64898D1F-78C7-4A55-A662-FA5D3C122715}.Debug|Any CPU.Build.0 = Debug|Any CPU
		{64898D1F-78C7-4A55-A662-FA5D3C122715}.Release|Any CPU.ActiveCfg = Release|Any CPU
		{64898D1F-78C7-4A55-A662-FA5D3C122715}.Release|Any CPU.Build.0 = Release|Any CPU
	EndGlobalSection
	GlobalSection(SolutionProperties) = preSolution
		HideSolutionNode = FALSE
	EndGlobalSection
EndGlobal
